
Microsoft Visual Studio Solution File, Format Version 12.00
# Visual Studio Version 17
VisualStudioVersion = 17.0.31717.71
MinimumVisualStudioVersion = 10.0.40219.1
Project("{9A19103F-16F7-4668-BE54-9A1E7A4F7556}") = "Open.ChannelExtensions", "Open.ChannelExtensions\Open.ChannelExtensions.csproj", "{04768159-4AD9-434D-A849-8901D7B0E846}"
EndProject
Project("{9A19103F-16F7-4668-BE54-9A1E7A4F7556}") = "Open.ChannelExtensions.Tests", "Open.ChannelExtensions.Tests\Open.ChannelExtensions.Tests.csproj", "{CEB5E3C7-E8A9-4F30-92AD-46838A152BD2}"
EndProject
Project("{9A19103F-16F7-4668-BE54-9A1E7A4F7556}") = "Open.ChannelExtensions.ComparisonTests", "Open.ChannelExtensions.ComparisonTests\Open.ChannelExtensions.ComparisonTests.csproj", "{F13B7605-FB04-4769-B182-77482C900B28}"
EndProject
Project("{2150E333-8FDC-42A3-9474-1A3956D46DE8}") = "Solution Items", "Solution Items", "{D36CB8D2-D657-4001-8D50-5197D3CB686B}"
	ProjectSection(SolutionItems) = preProject
		.editorconfig = .editorconfig
		LICENSE = LICENSE
		README.md = README.md
	EndProjectSection
EndProject
Global
	GlobalSection(SolutionConfigurationPlatforms) = preSolution
		Debug|Any CPU = Debug|Any CPU
		Release|Any CPU = Release|Any CPU
	EndGlobalSection
	GlobalSection(ProjectConfigurationPlatforms) = postSolution
		{04768159-4AD9-434D-A849-8901D7B0E846}.Debug|Any CPU.ActiveCfg = Debug|Any CPU
		{04768159-4AD9-434D-A849-8901D7B0E846}.Debug|Any CPU.Build.0 = Debug|Any CPU
		{04768159-4AD9-434D-A849-8901D7B0E846}.Release|Any CPU.ActiveCfg = Release|Any CPU
		{04768159-4AD9-434D-A849-8901D7B0E846}.Release|Any CPU.Build.0 = Release|Any CPU
		{CEB5E3C7-E8A9-4F30-92AD-46838A152BD2}.Debug|Any CPU.ActiveCfg = Debug|Any CPU
		{CEB5E3C7-E8A9-4F30-92AD-46838A152BD2}.Debug|Any CPU.Build.0 = Debug|Any CPU
		{CEB5E3C7-E8A9-4F30-92AD-46838A152BD2}.Release|Any CPU.ActiveCfg = Release|Any CPU
		{CEB5E3C7-E8A9-4F30-92AD-46838A152BD2}.Release|Any CPU.Build.0 = Release|Any CPU
		{F13B7605-FB04-4769-B182-77482C900B28}.Debug|Any CPU.ActiveCfg = Debug|Any CPU
		{F13B7605-FB04-4769-B182-77482C900B28}.Debug|Any CPU.Build.0 = Debug|Any CPU
		{F13B7605-FB04-4769-B182-77482C900B28}.Release|Any CPU.ActiveCfg = Release|Any CPU
		{F13B7605-FB04-4769-B182-77482C900B28}.Release|Any CPU.Build.0 = Release|Any CPU
	EndGlobalSection
	GlobalSection(SolutionProperties) = preSolution
		HideSolutionNode = FALSE
	EndGlobalSection
	GlobalSection(ExtensibilityGlobals) = postSolution
		SolutionGuid = {638A6D02-984A-4F12-81BC-F3D9C20D78F9}
	EndGlobalSection
EndGlobal
