
Microsoft Visual Studio Solution File, Format Version 12.00
# Visual Studio Version 16
VisualStudioVersion = 16.0.28803.156
MinimumVisualStudioVersion = 10.0.40219.1
Project("{9A19103F-16F7-4668-BE54-9A1E7A4F7556}") = "Open.ChannelExtensions", "Open.ChannelExtensions\Open.ChannelExtensions.csproj", "{04768159-4AD9-434D-A849-8901D7B0E846}"
EndProject
Project("{FAE04EC0-301F-11D3-BF4B-00C04F79EFBC}") = "Open.ChannelExtensions.Tests", "Open.ChannelExtensions.Tests\Open.ChannelExtensions.Tests.csproj", "{CEB5E3C7-E8A9-4F30-92AD-46838A152BD2}"
EndProject
Global
	GlobalSection(SolutionConfigurationPlatforms) = preSolution
		Debug|Any CPU = Debug|Any CPU
		Release|Any CPU = Release|Any CPU
	EndGlobalSection
	GlobalSection(ProjectConfigurationPlatforms) = postSolution
		{04768159-4AD9-434D-A849-8901D7B0E846}.Debug|Any CPU.ActiveCfg = Debug|Any CPU
		{04768159-4AD9-434D-A849-8901D7B0E846}.Debug|Any CPU.Build.0 = Debug|Any CPU
		{04768159-4AD9-434D-A849-8901D7B0E846}.Release|Any CPU.ActiveCfg = Release|Any CPU
		{04768159-4AD9-434D-A849-8901D7B0E846}.Release|Any CPU.Build.0 = Release|Any CPU
		{CEB5E3C7-E8A9-4F30-92AD-46838A152BD2}.Debug|Any CPU.ActiveCfg = Debug|Any CPU
		{CEB5E3C7-E8A9-4F30-92AD-46838A152BD2}.Debug|Any CPU.Build.0 = Debug|Any CPU
		{CEB5E3C7-E8A9-4F30-92AD-46838A152BD2}.Release|Any CPU.ActiveCfg = Release|Any CPU
		{CEB5E3C7-E8A9-4F30-92AD-46838A152BD2}.Release|Any CPU.Build.0 = Release|Any CPU
	EndGlobalSection
	GlobalSection(SolutionProperties) = preSolution
		HideSolutionNode = FALSE
	EndGlobalSection
	GlobalSection(ExtensibilityGlobals) = postSolution
		SolutionGuid = {638A6D02-984A-4F12-81BC-F3D9C20D78F9}
	EndGlobalSection
EndGlobal
